lockfileVersion: '6.0'

dependencies:
  lodash:
    specifier: ^4.17.21
    version: 4.17.21
  siyuan:
    specifier: ^0.7.9
    version: 0.7.9

devDependencies:
  '@types/lodash':
    specifier: ^4.14.195
    version: 4.14.195

packages:

  /@types/lodash@4.14.195:
    resolution: {integrity: sha512-Hwx9EUgdwf2GLarOjQp5ZH8ZmblzcbTBC2wtQWNKARBSxM9ezRIAUpeDTgoQRAFB0+8CNWXVA9+MaSOzOF3nPg==}
    dev: true

  /lodash@4.17.21:
    resolution: {integrity: sha512-v2kDEe57lecTulaDIuNTPy3Ry4gLGJ6Z1O3vE1krgXZNrsQ+LFTGHVxVjcXPs17LhbZVGedAJv8XZ1tvj5FvSg==}
    dev: false

  /siyuan@0.7.9:
    resolution: {integrity: sha512-X5olBQhfkgyPRF+d8agpcbAaFnCSvSkN3LWX7XU9jApmCfpJ/4PAmK7mKPfR1YGBpjFLRa/xTrv11BQ3hxN15Q==}
    dev: false
