lockfileVersion: '6.0'

dependencies:
  lodash:
    specifier: ^4.17.21
    version: 4.17.21
  siyuan:
    specifier: ^0.7.4
    version: 0.7.4

devDependencies:
  '@types/lodash':
    specifier: ^4.14.195
    version: 4.14.195

packages:

  /@types/lodash@4.14.195:
    resolution: {integrity: sha512-Hwx9EUgdwf2GLarOjQp5ZH8ZmblzcbTBC2wtQWNKARBSxM9ezRIAUpeDTgoQRAFB0+8CNWXVA9+MaSOzOF3nPg==}
    dev: true

  /lodash@4.17.21:
    resolution: {integrity: sha512-v2kDEe57lecTulaDIuNTPy3Ry4gLGJ6Z1O3vE1krgXZNrsQ+LFTGHVxVjcXPs17LhbZVGedAJv8XZ1tvj5FvSg==}
    dev: false

  /siyuan@0.7.4:
    resolution: {integrity: sha512-Lj+GgxRqjB0YZt4XmBBOgoMrZ9Cwd82h/CxHACi2t23baXC7W2zYG8eYWkZMDcLy50gQC94PzuLZrq9pZIeasw==}
    dev: false
